<Project xmlns="http://schemas.microsoft.com/developer/msbuild/2003">
    <PropertyGroup>
        <ProjectGuid>{81987D03-471A-4B63-9F29-340594B9385A}</ProjectGuid>
        <MainSource>OrpheusTests.dpr</MainSource>
        <Base>True</Base>
        <Config Condition="'$(Config)'==''">Release</Config>
        <TargetedPlatforms>3</TargetedPlatforms>
        <AppType>Application</AppType>
        <FrameworkType>VCL</FrameworkType>
        <ProjectVersion>18.0</ProjectVersion>
        <Platform Condition="'$(Platform)'==''">Win32</Platform>
        <Basis>True</Basis>
        <Platform>Win32</Platform>
        <DCC_DCCCompiler>DCC32</DCC_DCCCompiler>
    </PropertyGroup>
    <PropertyGroup Condition="'$(Config)'=='Base' or '$(Base)'!=''">
        <Base>true</Base>
    </PropertyGroup>
    <PropertyGroup Condition="'$(Config)'=='Release' or '$(Cfg_1)'!=''">
        <Cfg_1>true</Cfg_1>
        <CfgParent>Base</CfgParent>
        <Base>true</Base>
    </PropertyGroup>
    <PropertyGroup Condition="'$(Config)'=='Debug' or '$(Cfg_2)'!=''">
        <Cfg_2>true</Cfg_2>
        <CfgParent>Base</CfgParent>
        <Base>true</Base>
    </PropertyGroup>
    <PropertyGroup Condition="'$(Base)'!=''">
        <DCC_CBuilderOutput>All</DCC_CBuilderOutput>
        <SanitizedProjectName>OrpheusTests</SanitizedProjectName>
        <DCC_DcuOutput>.\$(Platform)\$(Config)</DCC_DcuOutput>
        <DCC_ExeOutput>.\$(Platform)\$(Config)</DCC_ExeOutput>
        <Manifest_File>None</Manifest_File>
        <DCC_ImageBase>00400000</DCC_ImageBase>
        <VerInfo_Keys>CompanyName=;FileDescription=;FileVersion=1.0.0.0;InternalName=;LegalCopyright=;LegalTrademarks=;OriginalFilename=;ProductName=;ProductVersion=1.0.0.0;Comments=</VerInfo_Keys>
        <DCC_SymbolReferenceInfo>1</DCC_SymbolReferenceInfo>
        <DCC_Namespace>Vcl;Vcl.Imaging;Vcl.Touch;Vcl.Samples;Vcl.Shell;System;Xml;Data;Datasnap;Web;Soap;Winapi;System.Win;$(DCC_Namespace)</DCC_Namespace>
        <DCC_Define>PUREPASCAL;$(DCC_Define)</DCC_Define>
        <DCC_UnitSearchPath>..\;$(DCC_UnitSearchPath)</DCC_UnitSearchPath>
        <DCC_K>false</DCC_K>
        <DCC_N>true</DCC_N>
        <DCC_S>false</DCC_S>
        <DCC_F>false</DCC_F>
        <VerInfo_Locale>1031</VerInfo_Locale>
        <DCC_E>false</DCC_E>
    </PropertyGroup>
    <PropertyGroup Condition="'$(Cfg_1)'!=''">
        <DCC_LocalDebugSymbols>false</DCC_LocalDebugSymbols>
        <DCC_DebugInformation>0</DCC_DebugInformation>
        <DCC_SymbolReferenceInfo>0</DCC_SymbolReferenceInfo>
        <DCC_Define>RELEASE;$(DCC_Define)</DCC_Define>
    </PropertyGroup>
    <PropertyGroup Condition="'$(Cfg_2)'!=''">
        <DCC_Define>DEBUG;$(DCC_Define)</DCC_Define>
        <DCC_Optimize>false</DCC_Optimize>
        <DCC_GenerateStackFrames>true</DCC_GenerateStackFrames>
    </PropertyGroup>
    <ItemGroup>
        <DelphiCompile Include="$(MainSource)">
            <MainSource>MainSource</MainSource>
        </DelphiCompile>
        <DCCReference Include="..\o32bordr.pas"/>
        <DCCReference Include="..\o32dbfe.pas"/>
        <DCCReference Include="..\O32EditF.pas"/>
        <DCCReference Include="..\O32FlxBn.pas"/>
        <DCCReference Include="..\O32Flxed.pas"/>
        <DCCReference Include="..\O32IGrid.pas"/>
        <DCCReference Include="..\O32ImgFm.pas"/>
        <DCCReference Include="..\O32IntDeq.pas"/>
        <DCCReference Include="..\O32IntLst.pas"/>
        <DCCReference Include="..\o32ledlabel.pas"/>
        <DCCReference Include="..\O32LkOut.pas"/>
        <DCCReference Include="..\O32MouseMon.pas"/>
        <DCCReference Include="..\o32ovldr.pas"/>
        <DCCReference Include="..\o32pvldr.pas"/>
        <DCCReference Include="..\o32rxngn.pas"/>
        <DCCReference Include="..\o32rxvld.pas"/>
        <DCCReference Include="..\o32sbar.pas"/>
        <DCCReference Include="..\O32SR.pas"/>
        <DCCReference Include="..\O32TCFlx.pas"/>
        <DCCReference Include="..\O32Vldtr.pas"/>
        <DCCReference Include="..\O32VlOp1.pas"/>
        <DCCReference Include="..\O32VlReg.pas"/>
        <DCCReference Include="..\O32VPool.pas"/>
        <DCCReference Include="..\O32WideCharSet.pas"/>
        <DCCReference Include="..\ovcabtn.pas"/>
        <DCCReference Include="..\ovcae.pas"/>
        <DCCReference Include="..\OvcBase.pas"/>
        <DCCReference Include="..\OvcBCalc.pas"/>
        <DCCReference Include="..\ovcbcklb.pas"/>
        <DCCReference Include="..\ovcbcldr.pas"/>
        <DCCReference Include="..\ovcbedit.pas"/>
        <DCCReference Include="..\ovcBidi.pas"/>
        <DCCReference Include="..\OvcBordr.pas"/>
        <DCCReference Include="..\ovcbtime.pas"/>
        <DCCReference Include="..\ovcbtnhd.pas"/>
        <DCCReference Include="..\ovccache.pas"/>
        <DCCReference Include="..\ovccal.pas"/>
        <DCCReference Include="..\OvcCalc.pas"/>
        <DCCReference Include="..\ovccaldg.pas"/>
        <DCCReference Include="..\OvcCaret.pas"/>
        <DCCReference Include="..\ovccklb.pas"/>
        <DCCReference Include="..\ovcclcdg.pas"/>
        <DCCReference Include="..\ovcclkdg.pas"/>
        <DCCReference Include="..\ovcclock.pas"/>
        <DCCReference Include="..\ovcclrcb.pas"/>
        <DCCReference Include="..\ovccmbx.pas"/>
        <DCCReference Include="..\OvcCmd.pas"/>
        <DCCReference Include="..\ovccmdp1.pas">
            <Form>OvcfrmScanOrder</Form>
        </DCCReference>
        <DCCReference Include="..\OvcCoco.pas"/>
        <DCCReference Include="..\OvcColor.pas"/>
        <DCCReference Include="..\OvcConst.pas"/>
        <DCCReference Include="..\OvcData.pas"/>
        <DCCReference Include="..\OvcDate.pas"/>
        <DCCReference Include="..\ovcdbae.pas"/>
        <DCCReference Include="..\ovcdbcal.pas"/>
        <DCCReference Include="..\ovcdbccb.pas"/>
        <DCCReference Include="..\ovcdbcl.pas"/>
        <DCCReference Include="..\ovcdbclk.pas"/>
        <DCCReference Include="..\ovcdbdat.pas"/>
        <DCCReference Include="..\ovcdbdlb.pas"/>
        <DCCReference Include="..\ovcdbed.pas"/>
        <DCCReference Include="..\ovcdbfcb.pas"/>
        <DCCReference Include="..\ovcdbmdg.pas">
            <Form>OvcfrmDbMemoDlg</Form>
        </DCCReference>
        <DCCReference Include="..\ovcdbnf.pas"/>
        <DCCReference Include="..\ovcdbnum.pas"/>
        <DCCReference Include="..\ovcdbpf.pas"/>
        <DCCReference Include="..\ovcdbplb.pas"/>
        <DCCReference Include="..\ovcdbrpv.pas"/>
        <DCCReference Include="..\ovcdbsed.pas"/>
        <DCCReference Include="..\ovcdbsf.pas"/>
        <DCCReference Include="..\ovcdbsld.pas"/>
        <DCCReference Include="..\ovcdbtim.pas"/>
        <DCCReference Include="..\ovcdlg.pas"/>
        <DCCReference Include="..\ovcdlm.pas"/>
        <DCCReference Include="..\ovcdrag.pas"/>
        <DCCReference Include="..\ovcdrcbx.pas"/>
        <DCCReference Include="..\ovcdrpvw.pas"/>
        <DCCReference Include="..\ovcdt.pas"/>
        <DCCReference Include="..\ovcdvcbx.pas"/>
        <DCCReference Include="..\ovcedcal.pas"/>
        <DCCReference Include="..\OvcEdClc.pas"/>
        <DCCReference Include="..\ovcedit.pas"/>
        <DCCReference Include="..\OvcEditF.pas"/>
        <DCCReference Include="..\ovceditn.pas"/>
        <DCCReference Include="..\ovceditp.pas"/>
        <DCCReference Include="..\ovceditu.pas"/>
        <DCCReference Include="..\OvcEdPop.pas"/>
        <DCCReference Include="..\ovcedsld.pas"/>
        <DCCReference Include="..\ovcedtim.pas"/>
        <DCCReference Include="..\OvcEF.pas"/>
        <DCCReference Include="..\OvcEvents.pas"/>
        <DCCReference Include="..\OvcExcpt.pas"/>
        <DCCReference Include="..\ovcfiler.pas"/>
        <DCCReference Include="..\OvcFlCbx.pas"/>
        <DCCReference Include="..\OvcFldEd.pas"/>
        <DCCReference Include="..\ovcfmcbx.pas"/>
        <DCCReference Include="..\OvcFormatSettings.pas"/>
        <DCCReference Include="..\ovcfsc.pas"/>
        <DCCReference Include="..\ovcftcbx.pas"/>
        <DCCReference Include="..\ovcfxfnt.pas"/>
        <DCCReference Include="..\ovchscbx.pas"/>
        <DCCReference Include="..\OvcIntl.pas"/>
        <DCCReference Include="..\ovciseb.pas"/>
        <DCCReference Include="..\ovcislb.pas"/>
        <DCCReference Include="..\ovclabel.pas"/>
        <DCCReference Include="..\ovclb.pas"/>
        <DCCReference Include="..\ovcmeter.pas"/>
        <DCCReference Include="..\OvcMisc.pas"/>
        <DCCReference Include="..\ovcmodg.pas">
            <Form>OvcfrmMemoDlg</Form>
        </DCCReference>
        <DCCReference Include="..\ovcmru.pas"/>
        <DCCReference Include="..\ovcnbk.pas"/>
        <DCCReference Include="..\ovcnf.pas"/>
        <DCCReference Include="..\ovcpb.pas"/>
        <DCCReference Include="..\ovcpeakm.pas"/>
        <DCCReference Include="..\ovcpf.pas"/>
        <DCCReference Include="..\ovcplb.pas"/>
        <DCCReference Include="..\ovcprcbx.pas"/>
        <DCCReference Include="..\ovcrlbl.pas"/>
        <DCCReference Include="..\ovcrptvw.pas"/>
        <DCCReference Include="..\ovcrvcbx.pas"/>
        <DCCReference Include="..\OvcRvExp.pas"/>
        <DCCReference Include="..\OvcRvExpDef.pas"/>
        <DCCReference Include="..\ovcrvidx.pas"/>
        <DCCReference Include="..\ovcrvpdg.pas"/>
        <DCCReference Include="..\OvcRvPv.pas">
            <Form>OvcRVPrintPreview</Form>
        </DCCReference>
        <DCCReference Include="..\ovcsc.pas"/>
        <DCCReference Include="..\ovcsf.pas"/>
        <DCCReference Include="..\ovcslide.pas"/>
        <DCCReference Include="..\ovcspary.pas"/>
        <DCCReference Include="..\ovcspeed.pas"/>
        <DCCReference Include="..\ovcspldg.pas">
            <Form>OvcfrmSplashDlg</Form>
        </DCCReference>
        <DCCReference Include="..\ovcsplit.pas"/>
        <DCCReference Include="..\ovcstate.pas"/>
        <DCCReference Include="..\ovcstore.pas"/>
        <DCCReference Include="..\OvcStr.pas"/>
        <DCCReference Include="..\ovctable.pas"/>
        <DCCReference Include="..\ovctbclr.pas"/>
        <DCCReference Include="..\ovctbcls.pas"/>
        <DCCReference Include="..\ovctbrws.pas"/>
        <DCCReference Include="..\ovctcary.pas"/>
        <DCCReference Include="..\ovctcbef.pas"/>
        <DCCReference Include="..\ovctcbmp.pas"/>
        <DCCReference Include="..\ovctcbox.pas"/>
        <DCCReference Include="..\ovctccbx.pas"/>
        <DCCReference Include="..\ovctccheckcbx.pas"/>
        <DCCReference Include="..\ovctccustomedt.pas"/>
        <DCCReference Include="..\ovctcedt.pas"/>
        <DCCReference Include="..\ovctcell.pas"/>
        <DCCReference Include="..\ovctcgly.pas"/>
        <DCCReference Include="..\ovctchdr.pas"/>
        <DCCReference Include="..\ovctcico.pas"/>
        <DCCReference Include="..\ovctcmmn.pas"/>
        <DCCReference Include="..\ovctcnum.pas"/>
        <DCCReference Include="..\ovctcpic.pas"/>
        <DCCReference Include="..\ovctcsim.pas"/>
        <DCCReference Include="..\ovctcstr.pas"/>
        <DCCReference Include="..\ovctgpns.pas"/>
        <DCCReference Include="..\ovctgres.pas"/>
        <DCCReference Include="..\ovcThemes.pas"/>
        <DCCReference Include="..\OvcTimer.pas"/>
        <DCCReference Include="..\ovctsell.pas"/>
        <DCCReference Include="..\ovcurl.pas"/>
        <DCCReference Include="..\OvcUser.pas"/>
        <DCCReference Include="..\OvcUtils.pas"/>
        <DCCReference Include="..\ovcvalid.pas"/>
        <DCCReference Include="..\ovcvcped.pas"/>
        <DCCReference Include="..\OvcVer.pas"/>
        <DCCReference Include="..\OvcViewEd.pas"/>
        <DCCReference Include="..\ovcviewr.pas"/>
        <DCCReference Include="..\ovcvlb.pas"/>
        <DCCReference Include="..\ovcxfer.pas"/>
        <DCCReference Include="..\ovcxfrc1.pas"/>
        <DCCReference Include="TestOVCEditU.pas"/>
        <DCCReference Include="TestOVCIntl.pas"/>
        <DCCReference Include="TestOVCPlb.pas"/>
        <DCCReference Include="TestOvcFormatSettings.pas"/>
        <DCCReference Include="TestOvcDbPictureField.pas"/>
        <DCCReference Include="TestOvcDbSimpleField.pas"/>
        <DCCReference Include="TestOvcTable.pas">
            <Form>frmTestOvcPictureField</Form>
        </DCCReference>
        <DCCReference Include="TestOVCStr.pas"/>
        <DCCReference Include="TestOVCEdit.pas">
            <Form>Form1</Form>
        </DCCReference>
        <DCCReference Include="TestOvcUtils.pas"/>
        <DCCReference Include="TestOvcFileViewer.pas">
            <Form>OvcFileViewerForm</Form>
        </DCCReference>
        <DCCReference Include="TestOvcDate.pas"/>
        <DCCReference Include="TestOvcTransfer.pas">
            <Form>TestOvcTransferForm</Form>
        </DCCReference>
        <DCCReference Include="TestOvcSpinner.pas">
            <Form>TestOvcSpinnerForm</Form>
        </DCCReference>
        <DCCReference Include="TestOvcMisc.pas"/>
        <DCCReference Include="TestOvcComboBox.pas">
            <Form>TfrmTestOvcComboBox</Form>
        </DCCReference>
        <DCCReference Include="TestOvcDlm.pas"/>
        <DCCReference Include="TestOvcFields.pas">
            <Form>TestOvcFieldsForm</Form>
        </DCCReference>
        <BuildConfiguration Include="Debug">
            <Key>Cfg_2</Key>
            <CfgParent>Base</CfgParent>
        </BuildConfiguration>
        <BuildConfiguration Include="Base">
            <Key>Base</Key>
        </BuildConfiguration>
        <BuildConfiguration Include="Release">
            <Key>Cfg_1</Key>
            <CfgParent>Base</CfgParent>
        </BuildConfiguration>
    </ItemGroup>
    <Import Condition="Exists('$(BDS)\Bin\CodeGear.Delphi.Targets')" Project="$(BDS)\Bin\CodeGear.Delphi.Targets"/>
    <Import Condition="Exists('$(APPDATA)\Embarcadero\$(BDSAPPDATABASEDIR)\$(PRODUCTVERSION)\UserTools.proj')" Project="$(APPDATA)\Embarcadero\$(BDSAPPDATABASEDIR)\$(PRODUCTVERSION)\UserTools.proj"/>
    <ProjectExtensions>
        <Borland.Personality>Delphi.Personality.12</Borland.Personality>
        <Borland.ProjectType>VCLApplication</Borland.ProjectType>
        <BorlandProject>
            <Delphi.Personality>
                <Source>
                    <Source Name="MainSource">OrpheusTests.dpr</Source>
                </Source>
                <VersionInfo>
                    <VersionInfo Name="IncludeVerInfo">True</VersionInfo>
                    <VersionInfo Name="AutoIncBuild">False</VersionInfo>
                    <VersionInfo Name="MajorVer">1</VersionInfo>
                    <VersionInfo Name="MinorVer">0</VersionInfo>
                    <VersionInfo Name="Release">0</VersionInfo>
                    <VersionInfo Name="Build">0</VersionInfo>
                    <VersionInfo Name="Debug">False</VersionInfo>
                    <VersionInfo Name="PreRelease">False</VersionInfo>
                    <VersionInfo Name="Special">False</VersionInfo>
                    <VersionInfo Name="Private">False</VersionInfo>
                    <VersionInfo Name="DLL">False</VersionInfo>
                    <VersionInfo Name="Locale">1031</VersionInfo>
                    <VersionInfo Name="CodePage">1252</VersionInfo>
                </VersionInfo>
                <VersionInfoKeys>
                    <VersionInfoKeys Name="CompanyName"/>
                    <VersionInfoKeys Name="FileDescription"/>
                    <VersionInfoKeys Name="FileVersion">1.0.0.0</VersionInfoKeys>
                    <VersionInfoKeys Name="InternalName"/>
                    <VersionInfoKeys Name="LegalCopyright"/>
                    <VersionInfoKeys Name="LegalTrademarks"/>
                    <VersionInfoKeys Name="OriginalFilename"/>
                    <VersionInfoKeys Name="ProductName"/>
                    <VersionInfoKeys Name="ProductVersion">1.0.0.0</VersionInfoKeys>
                    <VersionInfoKeys Name="Comments"/>
                </VersionInfoKeys>
                <Excluded_Packages>
                    <Excluded_Packages Name="$(BDSBIN)\bcboffice2k210.bpl">Embarcadero C++Builder-Package für Office 2000-Server</Excluded_Packages>
                    <Excluded_Packages Name="$(BDSBIN)\bcbofficexp210.bpl">Embarcadero C++Builder-Package für Office XP-Server</Excluded_Packages>
                    <Excluded_Packages Name="$(BDSBIN)\dcloffice2k210.bpl">Microsoft Office 2000 Beispiele für gekapselte Komponenten für Automatisierungsserver</Excluded_Packages>
                    <Excluded_Packages Name="$(BDSBIN)\dclofficexp210.bpl">Microsoft Office XP Beispiele für gekapselte Komponenten für Automation Server</Excluded_Packages>
                </Excluded_Packages>
            </Delphi.Personality>
            <Platforms>
                <Platform value="Win32">True</Platform>
                <Platform value="Win64">True</Platform>
            </Platforms>
        </BorlandProject>
        <ProjectFileVersion>12</ProjectFileVersion>
    </ProjectExtensions>
</Project>
