<Project xmlns="http://schemas.microsoft.com/developer/msbuild/2003">
    <PropertyGroup>
        <ProjectGuid>{F78532FC-F7FD-45D6-822D-8F778FE4BBCC}</ProjectGuid>
        <MainSource>VitalsManager.dpr</MainSource>
        <Base>True</Base>
        <Config Condition="'$(Config)'==''">Release</Config>
        <TargetedPlatforms>1</TargetedPlatforms>
        <AppType>Application</AppType>
        <FrameworkType>VCL</FrameworkType>
        <ProjectVersion>17.2</ProjectVersion>
        <Platform Condition="'$(Platform)'==''">Win32</Platform>
    </PropertyGroup>
    <PropertyGroup Condition="'$(Config)'=='Base' or '$(Base)'!=''">
        <Base>true</Base>
    </PropertyGroup>
    <PropertyGroup Condition="('$(Platform)'=='Win32' and '$(Base)'=='true') or '$(Base_Win32)'!=''">
        <Base_Win32>true</Base_Win32>
        <CfgParent>Base</CfgParent>
        <Base>true</Base>
    </PropertyGroup>
    <PropertyGroup Condition="('$(Platform)'=='Win64' and '$(Base)'=='true') or '$(Base_Win64)'!=''">
        <Base_Win64>true</Base_Win64>
        <CfgParent>Base</CfgParent>
        <Base>true</Base>
    </PropertyGroup>
    <PropertyGroup Condition="'$(Config)'=='Release' or '$(Cfg_1)'!=''">
        <Cfg_1>true</Cfg_1>
        <CfgParent>Base</CfgParent>
        <Base>true</Base>
    </PropertyGroup>
    <PropertyGroup Condition="('$(Platform)'=='Win32' and '$(Cfg_1)'=='true') or '$(Cfg_1_Win32)'!=''">
        <Cfg_1_Win32>true</Cfg_1_Win32>
        <CfgParent>Cfg_1</CfgParent>
        <Cfg_1>true</Cfg_1>
        <Base>true</Base>
    </PropertyGroup>
    <PropertyGroup Condition="'$(Config)'=='Debug' or '$(Cfg_2)'!=''">
        <Cfg_2>true</Cfg_2>
        <CfgParent>Base</CfgParent>
        <Base>true</Base>
    </PropertyGroup>
    <PropertyGroup Condition="('$(Platform)'=='Win32' and '$(Cfg_2)'=='true') or '$(Cfg_2_Win32)'!=''">
        <Cfg_2_Win32>true</Cfg_2_Win32>
        <CfgParent>Cfg_2</CfgParent>
        <Cfg_2>true</Cfg_2>
        <Base>true</Base>
    </PropertyGroup>
    <PropertyGroup Condition="'$(Base)'!=''">
        <SanitizedProjectName>VitalsManager</SanitizedProjectName>
        <Icon_MainIcon>VitalsManager_Icon.ico</Icon_MainIcon>
        <Manifest_File>$(BDS)\bin\default_app.manifest</Manifest_File>
        <VerInfo_Locale>1033</VerInfo_Locale>
        <DCC_K>false</DCC_K>
        <DCC_S>false</DCC_S>
        <DCC_UnitSearchPath>..\..\ORCTRL;..\..\CCR-Components\D6;..\..\ORPHEUSLITE\D6;C:\Program Files\Vista\BDK32\Source;$(DCC_UnitSearchPath)</DCC_UnitSearchPath>
        <VerInfo_IncludeVerInfo>true</VerInfo_IncludeVerInfo>
        <DCC_ImageBase>00400000</DCC_ImageBase>
        <DCC_F>false</DCC_F>
        <DCC_Namespace>Vcl;Vcl.Imaging;Vcl.Touch;Vcl.Samples;Vcl.Shell;System;Xml;Data;Datasnap;Web;Soap;Winapi;$(DCC_Namespace)</DCC_Namespace>
        <DCC_Define>DISABLEQUALIFIERS;$(DCC_Define)</DCC_Define>
        <VerInfo_Release>27</VerInfo_Release>
        <DCC_DcuOutput>..\..\bin\dcu_APP_VITALSMANAGER</DCC_DcuOutput>
        <DCC_ExeOutput>..\..\bin</DCC_ExeOutput>
        <DCC_UsePackage>vcl;rtl;vclx;vclie;xmlrtl;inetdbbde;inet;inetdbxpress;VclSmp;dbrtl;dbexpress;vcldb;dsnap;adortl;visualclx;visualdbclx;vclactnband;bdertl;sabd5;indy;soaprtl;dbxcds;inetdb;vcldbx;teeui;teedb;tee;ibxpress;vclshlctrls;IntrawebDB_50_70;Intraweb_50_70;Rave50CLX;Rave50VCL;dclOffice2k;XWB_R70;$(DCC_UsePackage)</DCC_UsePackage>
        <VerInfo_Build>2</VerInfo_Build>
        <VerInfo_MajorVer>5</VerInfo_MajorVer>
        <DCC_SymbolReferenceInfo>1</DCC_SymbolReferenceInfo>
        <DCC_E>false</DCC_E>
        <VerInfo_Keys>CompanyName=Department of Veterans Affairs;FileDescription=5.0 Patch GMRV*5*27;FileVersion=5.0.27.2;InternalName=Vitals Manager 5.0;LegalCopyright=© Department of Veterans Affairs 2005-2008;LegalTrademarks=;OriginalFilename=;ProductName=Vitals Manager;ProductVersion=5.0.27.2;Comments=v. 11/14/13 12:00;VAReleaseDate=October 2002;VANamespace=GMRV;VASourceInformation=Developed by the Department of Veterans Affairs</VerInfo_Keys>
        <DCC_N>true</DCC_N>
    </PropertyGroup>
    <PropertyGroup Condition="'$(Base_Win32)'!=''">
        <DCC_UnitSearchPath>..\..\CCR-COMPONENTS;..\..\Orpheus;..\..\Orpheus\source;..\..\Orpheus\source;..\..\Orpheus\;$(DCC_UnitSearchPath)</DCC_UnitSearchPath>
        <VerInfo_MajorVer>1</VerInfo_MajorVer>
        <VerInfo_Release>0</VerInfo_Release>
        <VerInfo_Build>0</VerInfo_Build>
        <Manifest_File>$(BDS)\bin\default_app.manifest</Manifest_File>
        <DCC_Namespace>System.Win;Data.Win;Datasnap.Win;Web.Win;Soap.Win;Xml.Win;Bde;$(DCC_Namespace)</DCC_Namespace>
        <Icon_MainIcon>VitalsManager_Icon.ico</Icon_MainIcon>
    </PropertyGroup>
    <PropertyGroup Condition="'$(Base_Win64)'!=''">
        <Icon_MainIcon>VitalsManager_Icon.ico</Icon_MainIcon>
    </PropertyGroup>
    <PropertyGroup Condition="'$(Cfg_1)'!=''">
        <DCC_DebugInformation>0</DCC_DebugInformation>
        <DCC_Define>RELEASE;$(DCC_Define)</DCC_Define>
        <DCC_LocalDebugSymbols>false</DCC_LocalDebugSymbols>
        <DCC_SymbolReferenceInfo>0</DCC_SymbolReferenceInfo>
    </PropertyGroup>
    <PropertyGroup Condition="'$(Cfg_1_Win32)'!=''">
        <VerInfo_Keys>CompanyName=Department of Veterans Affairs;FileDescription=5.0 Patch GMRV*5*27;FileVersion=5.0.27.3;InternalName=Vitals Manager 5.0;LegalCopyright=© Department of Veterans Affairs 2005-2008;LegalTrademarks=;OriginalFilename=;ProductName=Vitals Manager;ProductVersion=5.0.27.3;Comments=v. 11/14/13 12:00;VAReleaseDate=October 2002;VANamespace=GMRV;VASourceInformation=Developed by the Department of Veterans Affairs</VerInfo_Keys>
        <Debugger_RunParams>s=127.00.0.1 p=9640</Debugger_RunParams>
        <VerInfo_Build>3</VerInfo_Build>
    </PropertyGroup>
    <PropertyGroup Condition="'$(Cfg_2)'!=''">
        <DCC_Define>DEBUG;$(DCC_Define)</DCC_Define>
        <DCC_GenerateStackFrames>true</DCC_GenerateStackFrames>
        <DCC_Optimize>false</DCC_Optimize>
    </PropertyGroup>
    <PropertyGroup Condition="'$(Cfg_2_Win32)'!=''">
        <VerInfo_Release>27</VerInfo_Release>
        <VerInfo_Build>1</VerInfo_Build>
    </PropertyGroup>
    <ItemGroup>
        <DelphiCompile Include="$(MainSource)">
            <MainSource>MainSource</MainSource>
        </DelphiCompile>
        <DCCReference Include="..\VitalsCommon\fGMV_TimeOutManager.pas">
            <Form>frmGMV_TimeOutManager</Form>
        </DCCReference>
        <DCCReference Include="..\VitalsCommon\fGMV_AboutDlg.pas">
            <Form>frmGMV_AboutDlg</Form>
        </DCCReference>
        <DCCReference Include="..\VitalsCommon\fGMV_AddVCQ.pas">
            <Form>frmGMV_AddVCQ</Form>
        </DCCReference>
        <DCCReference Include="..\VitalsCommon\fGMV_Splash.pas">
            <Form>frmGMV_Splash</Form>
        </DCCReference>
        <DCCReference Include="..\VitalsCommon\mGMV_EditTemplate.pas">
            <Form>fraGMV_EditTemplate</Form>
            <DesignClass>TFrame</DesignClass>
        </DCCReference>
        <DCCReference Include="..\VitalsUtils\uGMV_Common.pas"/>
        <DCCReference Include="..\VitalsUtils\uGMV_Const.pas"/>
        <DCCReference Include="..\VitalsCommon\uGMV_FileEntry.pas"/>
        <DCCReference Include="..\VitalsUtils\uGMV_GlobalVars.pas"/>
        <DCCReference Include="..\VitalsCommon\uGMV_VitalTypes.pas"/>
        <DCCReference Include="..\VitalsUtils\uGMV_Utils.pas"/>
        <DCCReference Include="..\VitalsDataEntry\mGMV_Lookup.pas">
            <Form>fraGMV_Lookup</Form>
            <DesignClass>TFrame</DesignClass>
        </DCCReference>
        <DCCReference Include="..\VitalsUtils\uGMV_CRC32.pas"/>
        <DCCReference Include="..\VitalsUtils\uGMV_VersionInfo.pas"/>
        <DCCReference Include="..\VitalsCommon\uGMV_User.pas"/>
        <DCCReference Include="..\VitalsDataEntry\fGMV_Qualifiers.pas">
            <Form>frmGMV_Qualifiers</Form>
        </DCCReference>
        <DCCReference Include="..\VitalsDataEntry\uGMV_QualifyBox.pas"/>
        <DCCReference Include="..\ROR\fROR_PCall.pas">
            <Form>RPCErrorForm</Form>
        </DCCReference>
        <DCCReference Include="..\VitalsDataEntry\uGMV_Template.pas"/>
        <DCCReference Include="..\VitalsUtils\uGMV_Engine.pas"/>
        <DCCReference Include="..\ROR\uROR_RPCBroker.pas"/>
        <DCCReference Include="..\VitalsCommon\uGMV_Setup.pas"/>
        <DCCReference Include="mGMV_SystemParameters.pas">
            <Form>fraSystemParameters</Form>
            <DesignClass>TFrame</DesignClass>
        </DCCReference>
        <DCCReference Include="mGMV_VitalHiLo.pas">
            <Form>fraVitalHiLo</Form>
            <DesignClass>TFrame</DesignClass>
        </DCCReference>
        <DCCReference Include="fGMV_AddEditQualifier.pas">
            <Form>frmGMV_AddEditQualifier</Form>
        </DCCReference>
        <DCCReference Include="fGMV_DeviceSelector.pas">
            <Form>frmGMV_DeviceSelector</Form>
        </DCCReference>
        <DCCReference Include="fGMV_Manager.pas">
            <Form>frmGMV_Manager</Form>
        </DCCReference>
        <DCCReference Include="fGMV_NewTemplate.pas">
            <Form>frmGMV_NewTemplate</Form>
        </DCCReference>
        <DCCReference Include="..\VitalsCommon\fGMV_RPCLog.pas">
            <Form>frmGMV_RPCLog</Form>
        </DCCReference>
        <DCCReference Include="..\VitalsUtils\uGMV_EXEVersion.pas"/>
        <DCCReference Include="..\VitalsCommon\mGMV_PrinterSelector.pas">
            <Form>frGMV_PrinterSelector</Form>
            <DesignClass>TFrame</DesignClass>
        </DCCReference>
        <DCCReference Include="..\VITALSCOMMON\mGMV_DefaultSelector.pas">
            <Form>frDefaultSelector</Form>
            <DesignClass>TFrame</DesignClass>
        </DCCReference>
        <DCCReference Include="..\VITALSCOMMON\uGMV_RPC_Names.pas"/>
        <DCCReference Include="..\VITALSCOMMON\uGMV_Log.pas"/>
        <BuildConfiguration Include="Debug">
            <Key>Cfg_2</Key>
            <CfgParent>Base</CfgParent>
        </BuildConfiguration>
        <BuildConfiguration Include="Base">
            <Key>Base</Key>
        </BuildConfiguration>
        <BuildConfiguration Include="Release">
            <Key>Cfg_1</Key>
            <CfgParent>Base</CfgParent>
        </BuildConfiguration>
    </ItemGroup>
    <ProjectExtensions>
        <Borland.Personality>Delphi.Personality.12</Borland.Personality>
        <Borland.ProjectType/>
        <BorlandProject>
            <Delphi.Personality>
                <Source>
                    <Source Name="MainSource">VitalsManager.dpr</Source>
                </Source>
                <VersionInfo>
                    <VersionInfo Name="IncludeVerInfo">True</VersionInfo>
                    <VersionInfo Name="AutoIncBuild">False</VersionInfo>
                    <VersionInfo Name="MajorVer">5</VersionInfo>
                    <VersionInfo Name="MinorVer">0</VersionInfo>
                    <VersionInfo Name="Release">23</VersionInfo>
                    <VersionInfo Name="Build">8</VersionInfo>
                    <VersionInfo Name="Debug">False</VersionInfo>
                    <VersionInfo Name="PreRelease">False</VersionInfo>
                    <VersionInfo Name="Special">False</VersionInfo>
                    <VersionInfo Name="Private">False</VersionInfo>
                    <VersionInfo Name="DLL">False</VersionInfo>
                    <VersionInfo Name="Locale">1033</VersionInfo>
                    <VersionInfo Name="CodePage">1252</VersionInfo>
                </VersionInfo>
                <VersionInfoKeys>
                    <VersionInfoKeys Name="CompanyName">Department of Veterans Affairs</VersionInfoKeys>
                    <VersionInfoKeys Name="FileDescription">5.0 Patch GMRV*5*23</VersionInfoKeys>
                    <VersionInfoKeys Name="FileVersion">5.0.23.8</VersionInfoKeys>
                    <VersionInfoKeys Name="InternalName">Vitals Manager 5.0</VersionInfoKeys>
                    <VersionInfoKeys Name="LegalCopyright">© Department of Veterans Affairs 2005-2008</VersionInfoKeys>
                    <VersionInfoKeys Name="LegalTrademarks"/>
                    <VersionInfoKeys Name="OriginalFilename"/>
                    <VersionInfoKeys Name="ProductName">Vitals Manager</VersionInfoKeys>
                    <VersionInfoKeys Name="ProductVersion">5.0.23.8</VersionInfoKeys>
                    <VersionInfoKeys Name="Comments">v. 08/11/09 15:00</VersionInfoKeys>
                    <VersionInfoKeys Name="VAReleaseDate">October 2002</VersionInfoKeys>
                    <VersionInfoKeys Name="VANamespace">GMRV</VersionInfoKeys>
                    <VersionInfoKeys Name="VASourceInformation">Developed by the Department of Veterans Affairs</VersionInfoKeys>
                </VersionInfoKeys>
                <Excluded_Packages>
                    <Excluded_Packages Name="$(BDSBIN)\dcloffice2k220.bpl">Microsoft Office 2000 Sample Automation Server Wrapper Components</Excluded_Packages>
                    <Excluded_Packages Name="$(BDSBIN)\dclofficexp220.bpl">Microsoft Office XP Sample Automation Server Wrapper Components</Excluded_Packages>
                </Excluded_Packages>
            </Delphi.Personality>
            <Platforms>
                <Platform value="Win32">True</Platform>
                <Platform value="Win64">False</Platform>
            </Platforms>
        </BorlandProject>
        <ProjectFileVersion>12</ProjectFileVersion>
    </ProjectExtensions>
    <Import Project="$(BDS)\Bin\CodeGear.Delphi.Targets" Condition="Exists('$(BDS)\Bin\CodeGear.Delphi.Targets')"/>
    <Import Project="$(APPDATA)\Embarcadero\$(BDSAPPDATABASEDIR)\$(PRODUCTVERSION)\UserTools.proj" Condition="Exists('$(APPDATA)\Embarcadero\$(BDSAPPDATABASEDIR)\$(PRODUCTVERSION)\UserTools.proj')"/>
</Project>
